
Microsoft Visual Studio Solution File, Format Version 12.00
# Visual Studio 2012
Project("{FAE04EC0-301F-11D3-BF4B-00C04F79EFBC}") = "CarFuel.Models", "CarFuel.Models\CarFuel.Models.csproj", "{664233CD-E0D9-44AC-91F9-9228A51115E8}"
EndProject
Project("{FAE04EC0-301F-11D3-BF4B-00C04F79EFBC}") = "CarFuel.Facts", "CarFuel.Facts\CarFuel.Facts.csproj", "{CC297A0A-6D88-423E-8D1A-F333E2F56E2C}"
EndProject
Project("{2150E333-8FDC-42A3-9474-1A3956D46DE8}") = ".nuget", ".nuget", "{D7AD5FBA-BF6B-4707-A0AB-5E6DD8BD4AB0}"
	ProjectSection(SolutionItems) = preProject
		.nuget\packages.config = .nuget\packages.config
	EndProjectSection
EndProject
Project("{FAE04EC0-301F-11D3-BF4B-00C04F79EFBC}") = "CarFuel.Utils", "CarFuel.Utils\CarFuel.Utils.csproj", "{26DF4654-9A09-424F-B78F-CB387DB2F0D3}"
EndProject
Global
	GlobalSection(SolutionConfigurationPlatforms) = preSolution
		Debug|Any CPU = Debug|Any CPU
		Release|Any CPU = Release|Any CPU
	EndGlobalSection
	GlobalSection(ProjectConfigurationPlatforms) = postSolution
		{664233CD-E0D9-44AC-91F9-9228A51115E8}.Debug|Any CPU.ActiveCfg = Debug|Any CPU
		{664233CD-E0D9-44AC-91F9-9228A51115E8}.Debug|Any CPU.Build.0 = Debug|Any CPU
		{664233CD-E0D9-44AC-91F9-9228A51115E8}.Release|Any CPU.ActiveCfg = Release|Any CPU
		{664233CD-E0D9-44AC-91F9-9228A51115E8}.Release|Any CPU.Build.0 = Release|Any CPU
		{CC297A0A-6D88-423E-8D1A-F333E2F56E2C}.Debug|Any CPU.ActiveCfg = Debug|Any CPU
		{CC297A0A-6D88-423E-8D1A-F333E2F56E2C}.Debug|Any CPU.Build.0 = Debug|Any CPU
		{CC297A0A-6D88-423E-8D1A-F333E2F56E2C}.Release|Any CPU.ActiveCfg = Release|Any CPU
		{CC297A0A-6D88-423E-8D1A-F333E2F56E2C}.Release|Any CPU.Build.0 = Release|Any CPU
		{26DF4654-9A09-424F-B78F-CB387DB2F0D3}.Debug|Any CPU.ActiveCfg = Debug|Any CPU
		{26DF4654-9A09-424F-B78F-CB387DB2F0D3}.Debug|Any CPU.Build.0 = Debug|Any CPU
		{26DF4654-9A09-424F-B78F-CB387DB2F0D3}.Release|Any CPU.ActiveCfg = Release|Any CPU
		{26DF4654-9A09-424F-B78F-CB387DB2F0D3}.Release|Any CPU.Build.0 = Release|Any CPU
	EndGlobalSection
	GlobalSection(SolutionProperties) = preSolution
		HideSolutionNode = FALSE
	EndGlobalSection
EndGlobal
